{
  "name": "fba-dex",
  "version": "0.1.0",
  "lockfileVersion": 3,
  "requires": true,
  "packages": {
    "": {
      "name": "fba-dex",
      "version": "0.1.0",
      "dependencies": {
        "@fhevm/solidity": "0.11.1",
        "@openzeppelin/confidential-contracts": "0.5.1",
        "@openzeppelin/contracts": "^5.6.1",
        "@openzeppelin/contracts-upgradeable": "^5.6.1",
        "encrypted-types": "^0.0.4"
      }
    },
    "node_modules/@fhevm/solidity": {
      "version": "0.11.1",
      "resolved": "https://registry.npmjs.org/@fhevm/solidity/-/solidity-0.11.1.tgz",
      "integrity": "sha512-KBHCF0an1sOqoABJ30p5foldSHy14F3jaQmYX+BKogpUJ1OFhNMzYfRkmPkJkwetyDcYg/euXcYQncYgHRT9aQ==",
      "license": "BSD-3-Clause-Clear",
      "peer": true,
      "dependencies": {
        "encrypted-types": "^0.0.4"
      },
      "engines": {
        "node": ">=20.0.0"
      },
      "optionalDependencies": {
        "solidity-comments-darwin-arm64": "0.1.1",
        "solidity-comments-linux-x64-gnu": "0.1.1"
      }
    },
    "node_modules/@openzeppelin/confidential-contracts": {
      "version": "0.5.1",
      "resolved": "https://registry.npmjs.org/@openzeppelin/confidential-contracts/-/confidential-contracts-0.5.1.tgz",
      "integrity": "sha512-H38NTW9sFrMU/Z68uvkLxj8lIq4UR5A0SXc5bugcbYzeSanXbF/L1UDon9adeFuiQq3yeYHZqhTczVlvs6QH9w==",
      "license": "MIT",
      "peerDependencies": {
        "@fhevm/solidity": "0.11.1",
        "@openzeppelin/contracts": "^5.6.1",
        "@openzeppelin/contracts-upgradeable": "^5.6.1"
      }
    },
    "node_modules/@openzeppelin/contracts": {
      "version": "5.6.1",
      "resolved": "https://registry.npmjs.org/@openzeppelin/contracts/-/contracts-5.6.1.tgz",
      "integrity": "sha512-Ly6SlsVJ3mj+b18W3R8gNufB7dTICT105fJhodGAGgyC2oqnBAhqSiNDJ8V8DLY05cCz81GLI0CU5vNYA1EC/w==",
      "license": "MIT",
      "peer": true
    },
    "node_modules/@openzeppelin/contracts-upgradeable": {
      "version": "5.6.1",
      "resolved": "https://registry.npmjs.org/@openzeppelin/contracts-upgradeable/-/contracts-upgradeable-5.6.1.tgz",
      "integrity": "sha512-n4a/vfRs114lXyUdYg7pyY8LvFKWvCDF5lEcRRAVxap8g6ZEdLqm+9tmt2zTtRHcNMxTYp9y5t6KBof4tHp7Og==",
      "license": "MIT",
      "peer": true,
      "peerDependencies": {
        "@openzeppelin/contracts": "5.6.1"
      }
    },
    "node_modules/encrypted-types": {
      "version": "0.0.4",
      "resolved": "https://registry.npmjs.org/encrypted-types/-/encrypted-types-0.0.4.tgz",
      "integrity": "sha512-f55ccBBUwvqWqr3ymAVOLZ6bzjsSQZlDN0GcKFmzkvTpml4Vm3Y6BCaHhCuW/ctrabTJJ3DFnUsjtFOpokJUaQ==",
      "license": "MIT"
    },
    "node_modules/solidity-comments-darwin-arm64": {
      "version": "0.1.1",
      "resolved": "https://registry.npmjs.org/solidity-comments-darwin-arm64/-/solidity-comments-darwin-arm64-0.1.1.tgz",
      "integrity": "sha512-ze1+YboHm8tRJXCoFEsxtU1gpvQ3rCH55xMtBH6dtyh1/gz4qrKCOUBaAP+IHplbzCacZBn+Pz3UmMDOoGshRw==",
      "cpu": [
        "arm64"
      ],
      "license": "MIT",
      "optional": true,
      "os": [
        "darwin"
      ],
      "engines": {
        "node": ">= 10"
      }
    },
    "node_modules/solidity-comments-linux-x64-gnu": {
      "version": "0.1.1",
      "resolved": "https://registry.npmjs.org/solidity-comments-linux-x64-gnu/-/solidity-comments-linux-x64-gnu-0.1.1.tgz",
      "integrity": "sha512-oiU4yhh1Q9SeGXQ+/sogfTNoOkU8I8IvlIeotBQziTOonUHrxQk4E63kNiYGPDn5ZbB3BhKFmGHNRNrkufsxcQ==",
      "cpu": [
        "x64"
      ],
      "license": "MIT",
      "optional": true,
      "os": [
        "linux"
      ],
      "engines": {
        "node": ">= 10"
      }
    }
  }
}
